
Microsoft Visual Studio Solution File, Format Version 12.00
# Visual Studio 14
VisualStudioVersion = 14.0.25420.1
MinimumVisualStudioVersion = 10.0.40219.1
Project("{159641D6-6404-4A2A-AE62-294DE0FE8301}") = "Proyecto de Integration Services1", "Proyecto de Integration Services1\Proyecto de Integration Services1.dtproj", "{136A1498-4366-4482-8371-C38033B2D244}"
EndProject
Global
	GlobalSection(SolutionConfigurationPlatforms) = preSolution
		Development|Default = Development|Default
	EndGlobalSection
	GlobalSection(ProjectConfigurationPlatforms) = postSolution
		{136A1498-4366-4482-8371-C38033B2D244}.Development|Default.ActiveCfg = Development
		{136A1498-4366-4482-8371-C38033B2D244}.Development|Default.Build.0 = Development
	EndGlobalSection
	GlobalSection(SolutionProperties) = preSolution
		HideSolutionNode = FALSE
	EndGlobalSection
EndGlobal
